
Microsoft Visual Studio Solution File, Format Version 12.00
# Visual Studio Version 17
VisualStudioVersion = 17.1.32210.238
MinimumVisualStudioVersion = 10.0.40219.1
Project("{FAE04EC0-301F-11D3-BF4B-00C04F79EFBC}") = "double_linked_list", "double_linked_list\double_linked_list.csproj", "{7F91179B-975C-4AFA-87E8-D4985F27CD12}"
EndProject
Global
	GlobalSection(SolutionConfigurationPlatforms) = preSolution
		Debug|Any CPU = Debug|Any CPU
		Release|Any CPU = Release|Any CPU
	EndGlobalSection
	GlobalSection(ProjectConfigurationPlatforms) = postSolution
		{7F91179B-975C-4AFA-87E8-D4985F27CD12}.Debug|Any CPU.ActiveCfg = Debug|Any CPU
		{7F91179B-975C-4AFA-87E8-D4985F27CD12}.Debug|Any CPU.Build.0 = Debug|Any CPU
		{7F91179B-975C-4AFA-87E8-D4985F27CD12}.Release|Any CPU.ActiveCfg = Release|Any CPU
		{7F91179B-975C-4AFA-87E8-D4985F27CD12}.Release|Any CPU.Build.0 = Release|Any CPU
	EndGlobalSection
	GlobalSection(SolutionProperties) = preSolution
		HideSolutionNode = FALSE
	EndGlobalSection
	GlobalSection(ExtensibilityGlobals) = postSolution
		SolutionGuid = {0EFFECC8-F1C4-4B90-A09B-638C678D381D}
	EndGlobalSection
EndGlobal
